
Microsoft Visual Studio Solution File, Format Version 12.00
# Visual Studio Version 17
VisualStudioVersion = 17.3.32825.248
MinimumVisualStudioVersion = 10.0.40219.1
Project("{FAE04EC0-301F-11D3-BF4B-00C04F79EFBC}") = "Bonsai.Sgen", "src\Bonsai.Sgen\Bonsai.Sgen.csproj", "{871C451B-BCFC-4DBA-B65E-35BB52D8F379}"
EndProject
Project("{FAE04EC0-301F-11D3-BF4B-00C04F79EFBC}") = "Bonsai.Sgen.Tests", "src\Bonsai.Sgen.Tests\Bonsai.Sgen.Tests.csproj", "{DF485243-376F-4632-A637-D489B799F59A}"
EndProject
Project("{2150E333-8FDC-42A3-9474-1A3956D46DE8}") = "build", "build", "{8F113225-6141-412D-8F6F-8669775C796F}"
	ProjectSection(SolutionItems) = preProject
		build\Common.csproj.props = build\Common.csproj.props
		build\Common.csproj.targets = build\Common.csproj.targets
		build\Common.Tests.csproj.props = build\Common.Tests.csproj.props
		build\icon.png = build\icon.png
		build\Package.props = build\Package.props
		build\Project.csproj.props = build\Project.csproj.props
	EndProjectSection
EndProject
Global
	GlobalSection(SolutionConfigurationPlatforms) = preSolution
		Debug|Any CPU = Debug|Any CPU
		Release|Any CPU = Release|Any CPU
	EndGlobalSection
	GlobalSection(ProjectConfigurationPlatforms) = postSolution
		{871C451B-BCFC-4DBA-B65E-35BB52D8F379}.Debug|Any CPU.ActiveCfg = Debug|Any CPU
		{871C451B-BCFC-4DBA-B65E-35BB52D8F379}.Debug|Any CPU.Build.0 = Debug|Any CPU
		{871C451B-BCFC-4DBA-B65E-35BB52D8F379}.Release|Any CPU.ActiveCfg = Release|Any CPU
		{871C451B-BCFC-4DBA-B65E-35BB52D8F379}.Release|Any CPU.Build.0 = Release|Any CPU
		{DF485243-376F-4632-A637-D489B799F59A}.Debug|Any CPU.ActiveCfg = Debug|Any CPU
		{DF485243-376F-4632-A637-D489B799F59A}.Debug|Any CPU.Build.0 = Debug|Any CPU
		{DF485243-376F-4632-A637-D489B799F59A}.Release|Any CPU.ActiveCfg = Release|Any CPU
		{DF485243-376F-4632-A637-D489B799F59A}.Release|Any CPU.Build.0 = Release|Any CPU
	EndGlobalSection
	GlobalSection(SolutionProperties) = preSolution
		HideSolutionNode = FALSE
	EndGlobalSection
	GlobalSection(ExtensibilityGlobals) = postSolution
		SolutionGuid = {15DBE5FC-8193-4F6B-A593-2353DF58E531}
	EndGlobalSection
EndGlobal
