
Microsoft Visual Studio Solution File, Format Version 12.00
# Visual Studio Version 17
VisualStudioVersion = 17.3.32825.248
MinimumVisualStudioVersion = 10.0.40219.1
Project("{9A19103F-16F7-4668-BE54-9A1E7A4F7556}") = "Bonsai.Sgen", "Bonsai.Sgen\Bonsai.Sgen.csproj", "{871C451B-BCFC-4DBA-B65E-35BB52D8F379}"
EndProject
Project("{2150E333-8FDC-42A3-9474-1A3956D46DE8}") = "Solution Items", "Solution Items", "{C2B91AD3-A136-4833-897F-123A6B3578DD}"
	ProjectSection(SolutionItems) = preProject
		.editorconfig = .editorconfig
		Directory.Build.props = Directory.Build.props
	EndProjectSection
EndProject
Project("{9A19103F-16F7-4668-BE54-9A1E7A4F7556}") = "Bonsai.Sgen.Tests", "Bonsai.Sgen.Tests\Bonsai.Sgen.Tests.csproj", "{DF485243-376F-4632-A637-D489B799F59A}"
EndProject
Project("{2150E333-8FDC-42A3-9474-1A3956D46DE8}") = "build", "build", "{F60C8E06-0D9D-4A47-963F-8E28AD7924B6}"
	ProjectSection(SolutionItems) = preProject
		build\Common.props = build\Common.props
		build\Package.props = build\Package.props
		build\Version.props = build\Version.props
	EndProjectSection
EndProject
Global
	GlobalSection(SolutionConfigurationPlatforms) = preSolution
		Debug|Any CPU = Debug|Any CPU
		Release|Any CPU = Release|Any CPU
	EndGlobalSection
	GlobalSection(ProjectConfigurationPlatforms) = postSolution
		{871C451B-BCFC-4DBA-B65E-35BB52D8F379}.Debug|Any CPU.ActiveCfg = Debug|Any CPU
		{871C451B-BCFC-4DBA-B65E-35BB52D8F379}.Debug|Any CPU.Build.0 = Debug|Any CPU
		{871C451B-BCFC-4DBA-B65E-35BB52D8F379}.Release|Any CPU.ActiveCfg = Release|Any CPU
		{871C451B-BCFC-4DBA-B65E-35BB52D8F379}.Release|Any CPU.Build.0 = Release|Any CPU
		{DF485243-376F-4632-A637-D489B799F59A}.Debug|Any CPU.ActiveCfg = Debug|Any CPU
		{DF485243-376F-4632-A637-D489B799F59A}.Debug|Any CPU.Build.0 = Debug|Any CPU
		{DF485243-376F-4632-A637-D489B799F59A}.Release|Any CPU.ActiveCfg = Release|Any CPU
		{DF485243-376F-4632-A637-D489B799F59A}.Release|Any CPU.Build.0 = Release|Any CPU
	EndGlobalSection
	GlobalSection(SolutionProperties) = preSolution
		HideSolutionNode = FALSE
	EndGlobalSection
	GlobalSection(ExtensibilityGlobals) = postSolution
		SolutionGuid = {15DBE5FC-8193-4F6B-A593-2353DF58E531}
	EndGlobalSection
EndGlobal
